<Solution>
    <Configurations>
        <Platform Name="Any CPU" />
        <Platform Name="x64" />
        <Platform Name="x86" />
    </Configurations>
  <Folder Name="/samples/Game.Unity.Agar/">
    <Project Path="samples/Game.Unity.Agar/Shared/Shared.csproj" />
      <Project Path="samples/Game.Unity.Agar/Server/App/Server.App.csproj" />
    <Project Path="samples/Game.Unity.Agar/Server/Hotfix/Server.Hotfix.csproj" />
  </Folder>
  <Folder Name="/samples/Game.Godot.Chat/">
    <Project Path="samples/Game.Godot.Chat/Shared/Shared.csproj" />
      <Project Path="samples/Game.Godot.Chat/Server/App/Server.App.csproj" />
    <Project Path="samples/Game.Godot.Chat/Server/Hotfix/Server.Hotfix.csproj" />
  </Folder>
    <Folder Name="/samples/Game.Unity.MMO/">
        <Project Path="samples/Game.Unity.MMO/Shared/Shared.csproj" />
        <Project Path="samples/Game.Unity.MMO/Server/App/Server.App.csproj" />
        <Project Path="samples/Game.Unity.MMO/Server/Hotfix/Server.Hotfix.csproj" />
    </Folder>
  <Folder Name="/src/">
    <Project Path="src/Lakona.Hub/Lakona.Hub.csproj" />
    <Project Path="src/Lakona.Game.Abstractions/Lakona.Game.Abstractions.csproj" />
    <Project Path="src/Lakona.Game.Client/Lakona.Game.Client.csproj" />
    <Project Path="src/Lakona.Game.Clustering.Postgres/Lakona.Game.Clustering.Postgres.csproj" />
    <Project Path="src/Lakona.Game.Clustering.Redis/Lakona.Game.Clustering.Redis.csproj" />
    <Project Path="src/Lakona.Game.Clustering.Postgres/Lakona.Game.Clustering.Postgres.csproj" />
    <Project Path="src/Lakona.Game.LoadTesting/Lakona.Game.LoadTesting.csproj" />
    <Project Path="src/Lakona.Game.Server.Hotfix.Generators/Lakona.Game.Server.Hotfix.Generators.csproj" />
    <Project Path="src/Lakona.Game.Server/Lakona.Game.Server.csproj" />
    <Project Path="src/Lakona.Game.Testing/Lakona.Game.Testing.csproj" />
    <Project Path="src/Lakona.ProjectSystem/Lakona.ProjectSystem.csproj" />
    <Project Path="src/Lakona.Rpc.Analyzers/Lakona.Rpc.Analyzers.csproj" />
    <Project Path="src/Lakona.Rpc.Client/Lakona.Rpc.Client.csproj" />
    <Project Path="src/Lakona.Rpc.Core/Lakona.Rpc.Core.csproj" />
    <Project Path="src/Lakona.Rpc.Serializer.Json/Lakona.Rpc.Serializer.Json.csproj" />
    <Project Path="src/Lakona.Rpc.Serializer.MemoryPack/Lakona.Rpc.Serializer.MemoryPack.csproj" />
    <Project Path="src/Lakona.Rpc.Server/Lakona.Rpc.Server.csproj" />
    <Project Path="src/Lakona.Rpc.Transport.Kcp/Lakona.Rpc.Transport.Kcp.csproj" />
    <Project Path="src/Lakona.Rpc.Transport.Loopback/Lakona.Rpc.Transport.Loopback.csproj" />
    <Project Path="src/Lakona.Rpc.Transport.Tcp/Lakona.Rpc.Transport.Tcp.csproj" />
    <Project Path="src/Lakona.Rpc.Transport.WebSocket/Lakona.Rpc.Transport.WebSocket.csproj" />
    <Project Path="src/Lakona.Tool/Lakona.Tool.csproj" />
  </Folder>
  <Folder Name="/tests/">
    <Project Path="tests/Lakona.Hub.Tests/Lakona.Hub.Tests.csproj" />
    <Project Path="tests/Lakona.Game.Abstractions.Tests/Lakona.Game.Abstractions.Tests.csproj" />
    <Project Path="tests/Lakona.Game.Client.Tests/Lakona.Game.Client.Tests.csproj" />
    <Project Path="tests/Lakona.Game.Cluster.Rpc.Tests/Lakona.Game.Cluster.Rpc.Tests.csproj" />
    <Project Path="tests/Lakona.Game.Cluster.Tests/Lakona.Game.Cluster.Tests.csproj" />
    <Project Path="tests/Lakona.Game.LoadTesting.Tests/Lakona.Game.LoadTesting.Tests.csproj" />
    <Project Path="tests/Lakona.Game.Server.Hotfix.Generators.Tests/Lakona.Game.Server.Hotfix.Generators.Tests.csproj" />
    <Project Path="tests/Lakona.Game.Server.Hotfix.Tests/Lakona.Game.Server.Hotfix.Tests.csproj" />
    <Project Path="tests/Lakona.Game.Server.Tests/Lakona.Game.Server.Tests.csproj" />
    <Project Path="tests/Lakona.Game.Testing.Tests/Lakona.Game.Testing.Tests.csproj" />
    <Project Path="tests/Lakona.Game.Testing.Fixtures.App/Lakona.Game.Testing.Fixtures.App.csproj" />
    <Project Path="tests/Lakona.Game.Testing.Fixtures.Hotfix/Lakona.Game.Testing.Fixtures.Hotfix.csproj" />
    <Project Path="tests/Lakona.ProjectSystem.Tests/Lakona.ProjectSystem.Tests.csproj" />
    <Project Path="tests/Lakona.Rpc.Analyzers.Tests/Lakona.Rpc.Analyzers.Tests.csproj" />
    <Project Path="tests/Lakona.Rpc.Serializer.Tests/Lakona.Rpc.Serializer.Tests.csproj" />
    <Project Path="tests/Lakona.Rpc.Tests/Lakona.Rpc.Tests.csproj" />
    <Project Path="tests/Lakona.Rpc.Transport.Tests/Lakona.Rpc.Transport.Tests.csproj" />
    <Project Path="tests/Lakona.Tool.Tests/Lakona.Tool.Tests.csproj" />
    <Project Path="tests/Lakona.RepositoryGuards.Tests/Lakona.RepositoryGuards.Tests.csproj" />
  </Folder>
</Solution>
