
Microsoft Visual Studio Solution File, Format Version 12.00
# Visual Studio Version 17
VisualStudioVersion = 17.0.31903.59
MinimumVisualStudioVersion = 10.0.40219.1
Project("{2150E333-8FDC-42A3-9474-1A3956D46DE8}") = "src", "src", "{827E0CD3-B72D-47B6-A68D-7590B98EB39B}"
EndProject
Project("{FAE04EC0-301F-11D3-BF4B-00C04F79EFBC}") = "Lakona.Actor.SourceGenerator", "src\Lakona.Actor.SourceGenerator\Lakona.Actor.SourceGenerator.csproj", "{199A76EA-6CAD-492A-94E5-9174FCF8D33F}"
EndProject
Project("{FAE04EC0-301F-11D3-BF4B-00C04F79EFBC}") = "Lakona.Actor", "src\Lakona.Actor\Lakona.Actor.csproj", "{6B4A82A5-A079-4FBC-8DA1-2F0B6926EDBD}"
EndProject
Project("{FAE04EC0-301F-11D3-BF4B-00C04F79EFBC}") = "Lakona.Game.Abstractions", "src\Lakona.Game.Abstractions\Lakona.Game.Abstractions.csproj", "{ADD79C4C-924C-4E54-91E1-EB78EF8313CA}"
EndProject
Project("{FAE04EC0-301F-11D3-BF4B-00C04F79EFBC}") = "Lakona.Game.Client", "src\Lakona.Game.Client\Lakona.Game.Client.csproj", "{4BCB3515-361F-4F44-8BF3-36F328B35B7B}"
EndProject
Project("{FAE04EC0-301F-11D3-BF4B-00C04F79EFBC}") = "Lakona.Game.Cluster.Rpc", "src\Lakona.Game.Cluster.Rpc\Lakona.Game.Cluster.Rpc.csproj", "{E49C549C-9134-4DC8-B74F-CA5D866F9231}"
EndProject
Project("{FAE04EC0-301F-11D3-BF4B-00C04F79EFBC}") = "Lakona.Game.Cluster", "src\Lakona.Game.Cluster\Lakona.Game.Cluster.csproj", "{8F2F4643-20EF-4E21-B4BD-59DC981BA41F}"
EndProject
Project("{FAE04EC0-301F-11D3-BF4B-00C04F79EFBC}") = "Lakona.Rpc.Client", "src\Lakona.Rpc.Client\Lakona.Rpc.Client.csproj", "{7209D90D-047F-4F21-A32C-0418AA95E5B3}"
EndProject
Project("{FAE04EC0-301F-11D3-BF4B-00C04F79EFBC}") = "Lakona.Rpc.Core", "src\Lakona.Rpc.Core\Lakona.Rpc.Core.csproj", "{88770B85-AA95-4142-943E-19AFE450B9EB}"
EndProject
Project("{FAE04EC0-301F-11D3-BF4B-00C04F79EFBC}") = "Lakona.Rpc.Analyzers", "src\Lakona.Rpc.Analyzers\Lakona.Rpc.Analyzers.csproj", "{8E0B0F45-EC5E-4DB9-AEEF-A2BD2FCC23E0}"
EndProject
Project("{FAE04EC0-301F-11D3-BF4B-00C04F79EFBC}") = "Lakona.Rpc.Server", "src\Lakona.Rpc.Server\Lakona.Rpc.Server.csproj", "{75308D08-DC4A-49C8-9198-9066257F094C}"
EndProject
Project("{FAE04EC0-301F-11D3-BF4B-00C04F79EFBC}") = "Lakona.Rpc.Transport.Tcp", "src\Lakona.Rpc.Transport.Tcp\Lakona.Rpc.Transport.Tcp.csproj", "{22E443CB-23C2-444E-8AF9-5BDF670A47C3}"
EndProject
Project("{FAE04EC0-301F-11D3-BF4B-00C04F79EFBC}") = "Lakona.Game.Cluster.Sql", "src\Lakona.Game.Cluster.Sql\Lakona.Game.Cluster.Sql.csproj", "{271D9BC0-9B05-4021-BCD1-D6490A5AB9F6}"
EndProject
Project("{FAE04EC0-301F-11D3-BF4B-00C04F79EFBC}") = "Lakona.Game.Server.Generators", "src\Lakona.Game.Server.Generators\Lakona.Game.Server.Generators.csproj", "{4CE406EC-127D-49B2-9637-981A686107D0}"
EndProject
Project("{FAE04EC0-301F-11D3-BF4B-00C04F79EFBC}") = "Lakona.Game.Server.Hotfix.Abstractions", "src\Lakona.Game.Server.Hotfix.Abstractions\Lakona.Game.Server.Hotfix.Abstractions.csproj", "{4EE06C1B-CB28-4125-9052-240D79E8183A}"
EndProject
Project("{FAE04EC0-301F-11D3-BF4B-00C04F79EFBC}") = "Lakona.Game.Server.Hotfix.Generators", "src\Lakona.Game.Server.Hotfix.Generators\Lakona.Game.Server.Hotfix.Generators.csproj", "{220B958D-0F5D-40EC-89F6-91FD86F1FF07}"
EndProject
Project("{FAE04EC0-301F-11D3-BF4B-00C04F79EFBC}") = "Lakona.Game.Server.Hotfix", "src\Lakona.Game.Server.Hotfix\Lakona.Game.Server.Hotfix.csproj", "{9D9AA5DE-9F63-4262-9D5B-14F7BD590577}"
EndProject
Project("{FAE04EC0-301F-11D3-BF4B-00C04F79EFBC}") = "Lakona.Game.Server", "src\Lakona.Game.Server\Lakona.Game.Server.csproj", "{E24FF426-8587-4E06-A04B-169E5C1C1FF5}"
EndProject
Project("{FAE04EC0-301F-11D3-BF4B-00C04F79EFBC}") = "Lakona.Tool", "src\Lakona.Tool\Lakona.Tool.csproj", "{46A0FA94-BFB5-4FA3-BE0D-12781AEBCAFA}"
EndProject
Project("{FAE04EC0-301F-11D3-BF4B-00C04F79EFBC}") = "Lakona.Rpc.Serializer.Json", "src\Lakona.Rpc.Serializer.Json\Lakona.Rpc.Serializer.Json.csproj", "{E290E93F-8B03-499C-A085-92FF87A71C66}"
EndProject
Project("{FAE04EC0-301F-11D3-BF4B-00C04F79EFBC}") = "Lakona.Rpc.Serializer.MemoryPack", "src\Lakona.Rpc.Serializer.MemoryPack\Lakona.Rpc.Serializer.MemoryPack.csproj", "{F31AD36B-4048-47D1-9225-2E883D4355B7}"
EndProject
Project("{FAE04EC0-301F-11D3-BF4B-00C04F79EFBC}") = "Lakona.Rpc.Starter", "src\Lakona.Rpc.Starter\Lakona.Rpc.Starter.csproj", "{CBCB6990-9A89-42EF-87CF-3D1B757B58AB}"
EndProject
Project("{FAE04EC0-301F-11D3-BF4B-00C04F79EFBC}") = "Lakona.Rpc.Transport.Kcp", "src\Lakona.Rpc.Transport.Kcp\Lakona.Rpc.Transport.Kcp.csproj", "{66492265-DF01-44ED-939E-AE9386CE5636}"
EndProject
Project("{FAE04EC0-301F-11D3-BF4B-00C04F79EFBC}") = "Lakona.Rpc.Transport.Loopback", "src\Lakona.Rpc.Transport.Loopback\Lakona.Rpc.Transport.Loopback.csproj", "{AADCD8F0-1B04-44B5-B5E9-12B0A15B30E3}"
EndProject
Project("{FAE04EC0-301F-11D3-BF4B-00C04F79EFBC}") = "Lakona.Rpc.Transport.WebSocket", "src\Lakona.Rpc.Transport.WebSocket\Lakona.Rpc.Transport.WebSocket.csproj", "{9F01DDAB-57E8-4078-BE36-BAE7F3DC1909}"
EndProject
Project("{2150E333-8FDC-42A3-9474-1A3956D46DE8}") = "tests", "tests", "{0AB3BF05-4346-4AA6-1389-037BE0695223}"
EndProject
Project("{FAE04EC0-301F-11D3-BF4B-00C04F79EFBC}") = "Lakona.Actor.Tests", "tests\Lakona.Actor.Tests\Lakona.Actor.Tests.csproj", "{6E370651-3D93-4447-9365-76012DA15C59}"
EndProject
Project("{FAE04EC0-301F-11D3-BF4B-00C04F79EFBC}") = "Lakona.Game.Client.Tests", "tests\Lakona.Game.Client.Tests\Lakona.Game.Client.Tests.csproj", "{D95EC6FF-A1AB-4A2D-A7B8-E1C131E53021}"
EndProject
Project("{FAE04EC0-301F-11D3-BF4B-00C04F79EFBC}") = "Lakona.Game.Cluster.Rpc.Tests", "tests\Lakona.Game.Cluster.Rpc.Tests\Lakona.Game.Cluster.Rpc.Tests.csproj", "{0999B0BF-44A6-4677-B973-153A071CA024}"
EndProject
Project("{2150E333-8FDC-42A3-9474-1A3956D46DE8}") = "samples", "samples", "{5D20AA90-6969-D8BD-9DCD-8634F4692FDA}"
EndProject
Project("{FAE04EC0-301F-11D3-BF4B-00C04F79EFBC}") = "Cluster.TwoNode", "samples\Cluster.TwoNode\Cluster.TwoNode.csproj", "{768E44C2-AB7D-44A1-B094-C0190B61443A}"
EndProject
Project("{FAE04EC0-301F-11D3-BF4B-00C04F79EFBC}") = "Lakona.Game.Cluster.Sql.Tests", "tests\Lakona.Game.Cluster.Sql.Tests\Lakona.Game.Cluster.Sql.Tests.csproj", "{BB584FD3-E425-45B1-BD97-E6359AA0F049}"
EndProject
Project("{FAE04EC0-301F-11D3-BF4B-00C04F79EFBC}") = "Lakona.Game.Cluster.Tests", "tests\Lakona.Game.Cluster.Tests\Lakona.Game.Cluster.Tests.csproj", "{56234401-306A-40A6-A155-995AE146F309}"
EndProject
Project("{FAE04EC0-301F-11D3-BF4B-00C04F79EFBC}") = "Lakona.Game.Server.Generators.Tests", "tests\Lakona.Game.Server.Generators.Tests\Lakona.Game.Server.Generators.Tests.csproj", "{1E83786B-5E35-4FDA-9104-EF3AF2E8FF84}"
EndProject
Project("{FAE04EC0-301F-11D3-BF4B-00C04F79EFBC}") = "Lakona.Game.Server.Hotfix.Generators.Tests", "tests\Lakona.Game.Server.Hotfix.Generators.Tests\Lakona.Game.Server.Hotfix.Generators.Tests.csproj", "{C901B859-60CB-45E0-B97C-8A338127EF02}"
EndProject
Project("{FAE04EC0-301F-11D3-BF4B-00C04F79EFBC}") = "Lakona.Game.Server.Hotfix.Tests", "tests\Lakona.Game.Server.Hotfix.Tests\Lakona.Game.Server.Hotfix.Tests.csproj", "{63D0948C-4FF9-4F25-8236-07330143A68F}"
EndProject
Project("{FAE04EC0-301F-11D3-BF4B-00C04F79EFBC}") = "Lakona.Game.Server.Tests", "tests\Lakona.Game.Server.Tests\Lakona.Game.Server.Tests.csproj", "{D2F41B09-32E5-4114-81C4-52F8A0905DC6}"
EndProject
Project("{FAE04EC0-301F-11D3-BF4B-00C04F79EFBC}") = "Lakona.Tool.Tests", "tests\Lakona.Tool.Tests\Lakona.Tool.Tests.csproj", "{723B4990-99F6-46FC-8484-9367D714E11E}"
EndProject
Project("{FAE04EC0-301F-11D3-BF4B-00C04F79EFBC}") = "Lakona.Rpc.Analyzers.Tests", "tests\Lakona.Rpc.Analyzers.Tests\Lakona.Rpc.Analyzers.Tests.csproj", "{41DD42C6-F162-41A5-A345-C362DB27D00D}"
EndProject
Project("{FAE04EC0-301F-11D3-BF4B-00C04F79EFBC}") = "Lakona.Rpc.Serializer.Tests", "tests\Lakona.Rpc.Serializer.Tests\Lakona.Rpc.Serializer.Tests.csproj", "{89D5B13A-0CC2-4B0E-80C6-C32EFFAFCCA6}"
EndProject
Project("{FAE04EC0-301F-11D3-BF4B-00C04F79EFBC}") = "Lakona.Rpc.Starter.Tests", "tests\Lakona.Rpc.Starter.Tests\Lakona.Rpc.Starter.Tests.csproj", "{CB0458E6-624F-45EC-8C72-57C00054D152}"
EndProject
Project("{FAE04EC0-301F-11D3-BF4B-00C04F79EFBC}") = "Lakona.Rpc.Tests", "tests\Lakona.Rpc.Tests\Lakona.Rpc.Tests.csproj", "{7DDD98C7-9B83-48B2-9BFD-BB93114904AF}"
EndProject
Project("{FAE04EC0-301F-11D3-BF4B-00C04F79EFBC}") = "Lakona.Rpc.Transport.Tests", "tests\Lakona.Rpc.Transport.Tests\Lakona.Rpc.Transport.Tests.csproj", "{A96D8988-3493-4F75-A164-BAC67FF1EEEF}"
EndProject
Global
	GlobalSection(SolutionConfigurationPlatforms) = preSolution
		Debug|Any CPU = Debug|Any CPU
		Debug|x64 = Debug|x64
		Debug|x86 = Debug|x86
		Release|Any CPU = Release|Any CPU
		Release|x64 = Release|x64
		Release|x86 = Release|x86
	EndGlobalSection
	GlobalSection(ProjectConfigurationPlatforms) = postSolution
		{199A76EA-6CAD-492A-94E5-9174FCF8D33F}.Debug|Any CPU.ActiveCfg = Debug|Any CPU
		{199A76EA-6CAD-492A-94E5-9174FCF8D33F}.Debug|Any CPU.Build.0 = Debug|Any CPU
		{199A76EA-6CAD-492A-94E5-9174FCF8D33F}.Debug|x64.ActiveCfg = Debug|Any CPU
		{199A76EA-6CAD-492A-94E5-9174FCF8D33F}.Debug|x64.Build.0 = Debug|Any CPU
		{199A76EA-6CAD-492A-94E5-9174FCF8D33F}.Debug|x86.ActiveCfg = Debug|Any CPU
		{199A76EA-6CAD-492A-94E5-9174FCF8D33F}.Debug|x86.Build.0 = Debug|Any CPU
		{199A76EA-6CAD-492A-94E5-9174FCF8D33F}.Release|Any CPU.ActiveCfg = Release|Any CPU
		{199A76EA-6CAD-492A-94E5-9174FCF8D33F}.Release|Any CPU.Build.0 = Release|Any CPU
		{199A76EA-6CAD-492A-94E5-9174FCF8D33F}.Release|x64.ActiveCfg = Release|Any CPU
		{199A76EA-6CAD-492A-94E5-9174FCF8D33F}.Release|x64.Build.0 = Release|Any CPU
		{199A76EA-6CAD-492A-94E5-9174FCF8D33F}.Release|x86.ActiveCfg = Release|Any CPU
		{199A76EA-6CAD-492A-94E5-9174FCF8D33F}.Release|x86.Build.0 = Release|Any CPU
		{6B4A82A5-A079-4FBC-8DA1-2F0B6926EDBD}.Debug|Any CPU.ActiveCfg = Debug|Any CPU
		{6B4A82A5-A079-4FBC-8DA1-2F0B6926EDBD}.Debug|Any CPU.Build.0 = Debug|Any CPU
		{6B4A82A5-A079-4FBC-8DA1-2F0B6926EDBD}.Debug|x64.ActiveCfg = Debug|Any CPU
		{6B4A82A5-A079-4FBC-8DA1-2F0B6926EDBD}.Debug|x64.Build.0 = Debug|Any CPU
		{6B4A82A5-A079-4FBC-8DA1-2F0B6926EDBD}.Debug|x86.ActiveCfg = Debug|Any CPU
		{6B4A82A5-A079-4FBC-8DA1-2F0B6926EDBD}.Debug|x86.Build.0 = Debug|Any CPU
		{6B4A82A5-A079-4FBC-8DA1-2F0B6926EDBD}.Release|Any CPU.ActiveCfg = Release|Any CPU
		{6B4A82A5-A079-4FBC-8DA1-2F0B6926EDBD}.Release|Any CPU.Build.0 = Release|Any CPU
		{6B4A82A5-A079-4FBC-8DA1-2F0B6926EDBD}.Release|x64.ActiveCfg = Release|Any CPU
		{6B4A82A5-A079-4FBC-8DA1-2F0B6926EDBD}.Release|x64.Build.0 = Release|Any CPU
		{6B4A82A5-A079-4FBC-8DA1-2F0B6926EDBD}.Release|x86.ActiveCfg = Release|Any CPU
		{6B4A82A5-A079-4FBC-8DA1-2F0B6926EDBD}.Release|x86.Build.0 = Release|Any CPU
		{ADD79C4C-924C-4E54-91E1-EB78EF8313CA}.Debug|Any CPU.ActiveCfg = Debug|Any CPU
		{ADD79C4C-924C-4E54-91E1-EB78EF8313CA}.Debug|Any CPU.Build.0 = Debug|Any CPU
		{ADD79C4C-924C-4E54-91E1-EB78EF8313CA}.Debug|x64.ActiveCfg = Debug|Any CPU
		{ADD79C4C-924C-4E54-91E1-EB78EF8313CA}.Debug|x64.Build.0 = Debug|Any CPU
		{ADD79C4C-924C-4E54-91E1-EB78EF8313CA}.Debug|x86.ActiveCfg = Debug|Any CPU
		{ADD79C4C-924C-4E54-91E1-EB78EF8313CA}.Debug|x86.Build.0 = Debug|Any CPU
		{ADD79C4C-924C-4E54-91E1-EB78EF8313CA}.Release|Any CPU.ActiveCfg = Release|Any CPU
		{ADD79C4C-924C-4E54-91E1-EB78EF8313CA}.Release|Any CPU.Build.0 = Release|Any CPU
		{ADD79C4C-924C-4E54-91E1-EB78EF8313CA}.Release|x64.ActiveCfg = Release|Any CPU
		{ADD79C4C-924C-4E54-91E1-EB78EF8313CA}.Release|x64.Build.0 = Release|Any CPU
		{ADD79C4C-924C-4E54-91E1-EB78EF8313CA}.Release|x86.ActiveCfg = Release|Any CPU
		{ADD79C4C-924C-4E54-91E1-EB78EF8313CA}.Release|x86.Build.0 = Release|Any CPU
		{4BCB3515-361F-4F44-8BF3-36F328B35B7B}.Debug|Any CPU.ActiveCfg = Debug|Any CPU
		{4BCB3515-361F-4F44-8BF3-36F328B35B7B}.Debug|Any CPU.Build.0 = Debug|Any CPU
		{4BCB3515-361F-4F44-8BF3-36F328B35B7B}.Debug|x64.ActiveCfg = Debug|Any CPU
		{4BCB3515-361F-4F44-8BF3-36F328B35B7B}.Debug|x64.Build.0 = Debug|Any CPU
		{4BCB3515-361F-4F44-8BF3-36F328B35B7B}.Debug|x86.ActiveCfg = Debug|Any CPU
		{4BCB3515-361F-4F44-8BF3-36F328B35B7B}.Debug|x86.Build.0 = Debug|Any CPU
		{4BCB3515-361F-4F44-8BF3-36F328B35B7B}.Release|Any CPU.ActiveCfg = Release|Any CPU
		{4BCB3515-361F-4F44-8BF3-36F328B35B7B}.Release|Any CPU.Build.0 = Release|Any CPU
		{4BCB3515-361F-4F44-8BF3-36F328B35B7B}.Release|x64.ActiveCfg = Release|Any CPU
		{4BCB3515-361F-4F44-8BF3-36F328B35B7B}.Release|x64.Build.0 = Release|Any CPU
		{4BCB3515-361F-4F44-8BF3-36F328B35B7B}.Release|x86.ActiveCfg = Release|Any CPU
		{4BCB3515-361F-4F44-8BF3-36F328B35B7B}.Release|x86.Build.0 = Release|Any CPU
		{E49C549C-9134-4DC8-B74F-CA5D866F9231}.Debug|Any CPU.ActiveCfg = Debug|Any CPU
		{E49C549C-9134-4DC8-B74F-CA5D866F9231}.Debug|Any CPU.Build.0 = Debug|Any CPU
		{E49C549C-9134-4DC8-B74F-CA5D866F9231}.Debug|x64.ActiveCfg = Debug|Any CPU
		{E49C549C-9134-4DC8-B74F-CA5D866F9231}.Debug|x64.Build.0 = Debug|Any CPU
		{E49C549C-9134-4DC8-B74F-CA5D866F9231}.Debug|x86.ActiveCfg = Debug|Any CPU
		{E49C549C-9134-4DC8-B74F-CA5D866F9231}.Debug|x86.Build.0 = Debug|Any CPU
		{E49C549C-9134-4DC8-B74F-CA5D866F9231}.Release|Any CPU.ActiveCfg = Release|Any CPU
		{E49C549C-9134-4DC8-B74F-CA5D866F9231}.Release|Any CPU.Build.0 = Release|Any CPU
		{E49C549C-9134-4DC8-B74F-CA5D866F9231}.Release|x64.ActiveCfg = Release|Any CPU
		{E49C549C-9134-4DC8-B74F-CA5D866F9231}.Release|x64.Build.0 = Release|Any CPU
		{E49C549C-9134-4DC8-B74F-CA5D866F9231}.Release|x86.ActiveCfg = Release|Any CPU
		{E49C549C-9134-4DC8-B74F-CA5D866F9231}.Release|x86.Build.0 = Release|Any CPU
		{8F2F4643-20EF-4E21-B4BD-59DC981BA41F}.Debug|Any CPU.ActiveCfg = Debug|Any CPU
		{8F2F4643-20EF-4E21-B4BD-59DC981BA41F}.Debug|Any CPU.Build.0 = Debug|Any CPU
		{8F2F4643-20EF-4E21-B4BD-59DC981BA41F}.Debug|x64.ActiveCfg = Debug|Any CPU
		{8F2F4643-20EF-4E21-B4BD-59DC981BA41F}.Debug|x64.Build.0 = Debug|Any CPU
		{8F2F4643-20EF-4E21-B4BD-59DC981BA41F}.Debug|x86.ActiveCfg = Debug|Any CPU
		{8F2F4643-20EF-4E21-B4BD-59DC981BA41F}.Debug|x86.Build.0 = Debug|Any CPU
		{8F2F4643-20EF-4E21-B4BD-59DC981BA41F}.Release|Any CPU.ActiveCfg = Release|Any CPU
		{8F2F4643-20EF-4E21-B4BD-59DC981BA41F}.Release|Any CPU.Build.0 = Release|Any CPU
		{8F2F4643-20EF-4E21-B4BD-59DC981BA41F}.Release|x64.ActiveCfg = Release|Any CPU
		{8F2F4643-20EF-4E21-B4BD-59DC981BA41F}.Release|x64.Build.0 = Release|Any CPU
		{8F2F4643-20EF-4E21-B4BD-59DC981BA41F}.Release|x86.ActiveCfg = Release|Any CPU
		{8F2F4643-20EF-4E21-B4BD-59DC981BA41F}.Release|x86.Build.0 = Release|Any CPU
		{7209D90D-047F-4F21-A32C-0418AA95E5B3}.Debug|Any CPU.ActiveCfg = Debug|Any CPU
		{7209D90D-047F-4F21-A32C-0418AA95E5B3}.Debug|Any CPU.Build.0 = Debug|Any CPU
		{7209D90D-047F-4F21-A32C-0418AA95E5B3}.Debug|x64.ActiveCfg = Debug|Any CPU
		{7209D90D-047F-4F21-A32C-0418AA95E5B3}.Debug|x64.Build.0 = Debug|Any CPU
		{7209D90D-047F-4F21-A32C-0418AA95E5B3}.Debug|x86.ActiveCfg = Debug|Any CPU
		{7209D90D-047F-4F21-A32C-0418AA95E5B3}.Debug|x86.Build.0 = Debug|Any CPU
		{7209D90D-047F-4F21-A32C-0418AA95E5B3}.Release|Any CPU.ActiveCfg = Release|Any CPU
		{7209D90D-047F-4F21-A32C-0418AA95E5B3}.Release|Any CPU.Build.0 = Release|Any CPU
		{7209D90D-047F-4F21-A32C-0418AA95E5B3}.Release|x64.ActiveCfg = Release|Any CPU
		{7209D90D-047F-4F21-A32C-0418AA95E5B3}.Release|x64.Build.0 = Release|Any CPU
		{7209D90D-047F-4F21-A32C-0418AA95E5B3}.Release|x86.ActiveCfg = Release|Any CPU
		{7209D90D-047F-4F21-A32C-0418AA95E5B3}.Release|x86.Build.0 = Release|Any CPU
		{88770B85-AA95-4142-943E-19AFE450B9EB}.Debug|Any CPU.ActiveCfg = Debug|Any CPU
		{88770B85-AA95-4142-943E-19AFE450B9EB}.Debug|Any CPU.Build.0 = Debug|Any CPU
		{88770B85-AA95-4142-943E-19AFE450B9EB}.Debug|x64.ActiveCfg = Debug|Any CPU
		{88770B85-AA95-4142-943E-19AFE450B9EB}.Debug|x64.Build.0 = Debug|Any CPU
		{88770B85-AA95-4142-943E-19AFE450B9EB}.Debug|x86.ActiveCfg = Debug|Any CPU
		{88770B85-AA95-4142-943E-19AFE450B9EB}.Debug|x86.Build.0 = Debug|Any CPU
		{88770B85-AA95-4142-943E-19AFE450B9EB}.Release|Any CPU.ActiveCfg = Release|Any CPU
		{88770B85-AA95-4142-943E-19AFE450B9EB}.Release|Any CPU.Build.0 = Release|Any CPU
		{88770B85-AA95-4142-943E-19AFE450B9EB}.Release|x64.ActiveCfg = Release|Any CPU
		{88770B85-AA95-4142-943E-19AFE450B9EB}.Release|x64.Build.0 = Release|Any CPU
		{88770B85-AA95-4142-943E-19AFE450B9EB}.Release|x86.ActiveCfg = Release|Any CPU
		{88770B85-AA95-4142-943E-19AFE450B9EB}.Release|x86.Build.0 = Release|Any CPU
		{8E0B0F45-EC5E-4DB9-AEEF-A2BD2FCC23E0}.Debug|Any CPU.ActiveCfg = Debug|Any CPU
		{8E0B0F45-EC5E-4DB9-AEEF-A2BD2FCC23E0}.Debug|Any CPU.Build.0 = Debug|Any CPU
		{8E0B0F45-EC5E-4DB9-AEEF-A2BD2FCC23E0}.Debug|x64.ActiveCfg = Debug|Any CPU
		{8E0B0F45-EC5E-4DB9-AEEF-A2BD2FCC23E0}.Debug|x64.Build.0 = Debug|Any CPU
		{8E0B0F45-EC5E-4DB9-AEEF-A2BD2FCC23E0}.Debug|x86.ActiveCfg = Debug|Any CPU
		{8E0B0F45-EC5E-4DB9-AEEF-A2BD2FCC23E0}.Debug|x86.Build.0 = Debug|Any CPU
		{8E0B0F45-EC5E-4DB9-AEEF-A2BD2FCC23E0}.Release|Any CPU.ActiveCfg = Release|Any CPU
		{8E0B0F45-EC5E-4DB9-AEEF-A2BD2FCC23E0}.Release|Any CPU.Build.0 = Release|Any CPU
		{8E0B0F45-EC5E-4DB9-AEEF-A2BD2FCC23E0}.Release|x64.ActiveCfg = Release|Any CPU
		{8E0B0F45-EC5E-4DB9-AEEF-A2BD2FCC23E0}.Release|x64.Build.0 = Release|Any CPU
		{8E0B0F45-EC5E-4DB9-AEEF-A2BD2FCC23E0}.Release|x86.ActiveCfg = Release|Any CPU
		{8E0B0F45-EC5E-4DB9-AEEF-A2BD2FCC23E0}.Release|x86.Build.0 = Release|Any CPU
		{75308D08-DC4A-49C8-9198-9066257F094C}.Debug|Any CPU.ActiveCfg = Debug|Any CPU
		{75308D08-DC4A-49C8-9198-9066257F094C}.Debug|Any CPU.Build.0 = Debug|Any CPU
		{75308D08-DC4A-49C8-9198-9066257F094C}.Debug|x64.ActiveCfg = Debug|Any CPU
		{75308D08-DC4A-49C8-9198-9066257F094C}.Debug|x64.Build.0 = Debug|Any CPU
		{75308D08-DC4A-49C8-9198-9066257F094C}.Debug|x86.ActiveCfg = Debug|Any CPU
		{75308D08-DC4A-49C8-9198-9066257F094C}.Debug|x86.Build.0 = Debug|Any CPU
		{75308D08-DC4A-49C8-9198-9066257F094C}.Release|Any CPU.ActiveCfg = Release|Any CPU
		{75308D08-DC4A-49C8-9198-9066257F094C}.Release|Any CPU.Build.0 = Release|Any CPU
		{75308D08-DC4A-49C8-9198-9066257F094C}.Release|x64.ActiveCfg = Release|Any CPU
		{75308D08-DC4A-49C8-9198-9066257F094C}.Release|x64.Build.0 = Release|Any CPU
		{75308D08-DC4A-49C8-9198-9066257F094C}.Release|x86.ActiveCfg = Release|Any CPU
		{75308D08-DC4A-49C8-9198-9066257F094C}.Release|x86.Build.0 = Release|Any CPU
		{22E443CB-23C2-444E-8AF9-5BDF670A47C3}.Debug|Any CPU.ActiveCfg = Debug|Any CPU
		{22E443CB-23C2-444E-8AF9-5BDF670A47C3}.Debug|Any CPU.Build.0 = Debug|Any CPU
		{22E443CB-23C2-444E-8AF9-5BDF670A47C3}.Debug|x64.ActiveCfg = Debug|Any CPU
		{22E443CB-23C2-444E-8AF9-5BDF670A47C3}.Debug|x64.Build.0 = Debug|Any CPU
		{22E443CB-23C2-444E-8AF9-5BDF670A47C3}.Debug|x86.ActiveCfg = Debug|Any CPU
		{22E443CB-23C2-444E-8AF9-5BDF670A47C3}.Debug|x86.Build.0 = Debug|Any CPU
		{22E443CB-23C2-444E-8AF9-5BDF670A47C3}.Release|Any CPU.ActiveCfg = Release|Any CPU
		{22E443CB-23C2-444E-8AF9-5BDF670A47C3}.Release|Any CPU.Build.0 = Release|Any CPU
		{22E443CB-23C2-444E-8AF9-5BDF670A47C3}.Release|x64.ActiveCfg = Release|Any CPU
		{22E443CB-23C2-444E-8AF9-5BDF670A47C3}.Release|x64.Build.0 = Release|Any CPU
		{22E443CB-23C2-444E-8AF9-5BDF670A47C3}.Release|x86.ActiveCfg = Release|Any CPU
		{22E443CB-23C2-444E-8AF9-5BDF670A47C3}.Release|x86.Build.0 = Release|Any CPU
		{271D9BC0-9B05-4021-BCD1-D6490A5AB9F6}.Debug|Any CPU.ActiveCfg = Debug|Any CPU
		{271D9BC0-9B05-4021-BCD1-D6490A5AB9F6}.Debug|Any CPU.Build.0 = Debug|Any CPU
		{271D9BC0-9B05-4021-BCD1-D6490A5AB9F6}.Debug|x64.ActiveCfg = Debug|Any CPU
		{271D9BC0-9B05-4021-BCD1-D6490A5AB9F6}.Debug|x64.Build.0 = Debug|Any CPU
		{271D9BC0-9B05-4021-BCD1-D6490A5AB9F6}.Debug|x86.ActiveCfg = Debug|Any CPU
		{271D9BC0-9B05-4021-BCD1-D6490A5AB9F6}.Debug|x86.Build.0 = Debug|Any CPU
		{271D9BC0-9B05-4021-BCD1-D6490A5AB9F6}.Release|Any CPU.ActiveCfg = Release|Any CPU
		{271D9BC0-9B05-4021-BCD1-D6490A5AB9F6}.Release|Any CPU.Build.0 = Release|Any CPU
		{271D9BC0-9B05-4021-BCD1-D6490A5AB9F6}.Release|x64.ActiveCfg = Release|Any CPU
		{271D9BC0-9B05-4021-BCD1-D6490A5AB9F6}.Release|x64.Build.0 = Release|Any CPU
		{271D9BC0-9B05-4021-BCD1-D6490A5AB9F6}.Release|x86.ActiveCfg = Release|Any CPU
		{271D9BC0-9B05-4021-BCD1-D6490A5AB9F6}.Release|x86.Build.0 = Release|Any CPU
		{4CE406EC-127D-49B2-9637-981A686107D0}.Debug|Any CPU.ActiveCfg = Debug|Any CPU
		{4CE406EC-127D-49B2-9637-981A686107D0}.Debug|Any CPU.Build.0 = Debug|Any CPU
		{4CE406EC-127D-49B2-9637-981A686107D0}.Debug|x64.ActiveCfg = Debug|Any CPU
		{4CE406EC-127D-49B2-9637-981A686107D0}.Debug|x64.Build.0 = Debug|Any CPU
		{4CE406EC-127D-49B2-9637-981A686107D0}.Debug|x86.ActiveCfg = Debug|Any CPU
		{4CE406EC-127D-49B2-9637-981A686107D0}.Debug|x86.Build.0 = Debug|Any CPU
		{4CE406EC-127D-49B2-9637-981A686107D0}.Release|Any CPU.ActiveCfg = Release|Any CPU
		{4CE406EC-127D-49B2-9637-981A686107D0}.Release|Any CPU.Build.0 = Release|Any CPU
		{4CE406EC-127D-49B2-9637-981A686107D0}.Release|x64.ActiveCfg = Release|Any CPU
		{4CE406EC-127D-49B2-9637-981A686107D0}.Release|x64.Build.0 = Release|Any CPU
		{4CE406EC-127D-49B2-9637-981A686107D0}.Release|x86.ActiveCfg = Release|Any CPU
		{4CE406EC-127D-49B2-9637-981A686107D0}.Release|x86.Build.0 = Release|Any CPU
		{4EE06C1B-CB28-4125-9052-240D79E8183A}.Debug|Any CPU.ActiveCfg = Debug|Any CPU
		{4EE06C1B-CB28-4125-9052-240D79E8183A}.Debug|Any CPU.Build.0 = Debug|Any CPU
		{4EE06C1B-CB28-4125-9052-240D79E8183A}.Debug|x64.ActiveCfg = Debug|Any CPU
		{4EE06C1B-CB28-4125-9052-240D79E8183A}.Debug|x64.Build.0 = Debug|Any CPU
		{4EE06C1B-CB28-4125-9052-240D79E8183A}.Debug|x86.ActiveCfg = Debug|Any CPU
		{4EE06C1B-CB28-4125-9052-240D79E8183A}.Debug|x86.Build.0 = Debug|Any CPU
		{4EE06C1B-CB28-4125-9052-240D79E8183A}.Release|Any CPU.ActiveCfg = Release|Any CPU
		{4EE06C1B-CB28-4125-9052-240D79E8183A}.Release|Any CPU.Build.0 = Release|Any CPU
		{4EE06C1B-CB28-4125-9052-240D79E8183A}.Release|x64.ActiveCfg = Release|Any CPU
		{4EE06C1B-CB28-4125-9052-240D79E8183A}.Release|x64.Build.0 = Release|Any CPU
		{4EE06C1B-CB28-4125-9052-240D79E8183A}.Release|x86.ActiveCfg = Release|Any CPU
		{4EE06C1B-CB28-4125-9052-240D79E8183A}.Release|x86.Build.0 = Release|Any CPU
		{220B958D-0F5D-40EC-89F6-91FD86F1FF07}.Debug|Any CPU.ActiveCfg = Debug|Any CPU
		{220B958D-0F5D-40EC-89F6-91FD86F1FF07}.Debug|Any CPU.Build.0 = Debug|Any CPU
		{220B958D-0F5D-40EC-89F6-91FD86F1FF07}.Debug|x64.ActiveCfg = Debug|Any CPU
		{220B958D-0F5D-40EC-89F6-91FD86F1FF07}.Debug|x64.Build.0 = Debug|Any CPU
		{220B958D-0F5D-40EC-89F6-91FD86F1FF07}.Debug|x86.ActiveCfg = Debug|Any CPU
		{220B958D-0F5D-40EC-89F6-91FD86F1FF07}.Debug|x86.Build.0 = Debug|Any CPU
		{220B958D-0F5D-40EC-89F6-91FD86F1FF07}.Release|Any CPU.ActiveCfg = Release|Any CPU
		{220B958D-0F5D-40EC-89F6-91FD86F1FF07}.Release|Any CPU.Build.0 = Release|Any CPU
		{220B958D-0F5D-40EC-89F6-91FD86F1FF07}.Release|x64.ActiveCfg = Release|Any CPU
		{220B958D-0F5D-40EC-89F6-91FD86F1FF07}.Release|x64.Build.0 = Release|Any CPU
		{220B958D-0F5D-40EC-89F6-91FD86F1FF07}.Release|x86.ActiveCfg = Release|Any CPU
		{220B958D-0F5D-40EC-89F6-91FD86F1FF07}.Release|x86.Build.0 = Release|Any CPU
		{9D9AA5DE-9F63-4262-9D5B-14F7BD590577}.Debug|Any CPU.ActiveCfg = Debug|Any CPU
		{9D9AA5DE-9F63-4262-9D5B-14F7BD590577}.Debug|Any CPU.Build.0 = Debug|Any CPU
		{9D9AA5DE-9F63-4262-9D5B-14F7BD590577}.Debug|x64.ActiveCfg = Debug|Any CPU
		{9D9AA5DE-9F63-4262-9D5B-14F7BD590577}.Debug|x64.Build.0 = Debug|Any CPU
		{9D9AA5DE-9F63-4262-9D5B-14F7BD590577}.Debug|x86.ActiveCfg = Debug|Any CPU
		{9D9AA5DE-9F63-4262-9D5B-14F7BD590577}.Debug|x86.Build.0 = Debug|Any CPU
		{9D9AA5DE-9F63-4262-9D5B-14F7BD590577}.Release|Any CPU.ActiveCfg = Release|Any CPU
		{9D9AA5DE-9F63-4262-9D5B-14F7BD590577}.Release|Any CPU.Build.0 = Release|Any CPU
		{9D9AA5DE-9F63-4262-9D5B-14F7BD590577}.Release|x64.ActiveCfg = Release|Any CPU
		{9D9AA5DE-9F63-4262-9D5B-14F7BD590577}.Release|x64.Build.0 = Release|Any CPU
		{9D9AA5DE-9F63-4262-9D5B-14F7BD590577}.Release|x86.ActiveCfg = Release|Any CPU
		{9D9AA5DE-9F63-4262-9D5B-14F7BD590577}.Release|x86.Build.0 = Release|Any CPU
		{E24FF426-8587-4E06-A04B-169E5C1C1FF5}.Debug|Any CPU.ActiveCfg = Debug|Any CPU
		{E24FF426-8587-4E06-A04B-169E5C1C1FF5}.Debug|Any CPU.Build.0 = Debug|Any CPU
		{E24FF426-8587-4E06-A04B-169E5C1C1FF5}.Debug|x64.ActiveCfg = Debug|Any CPU
		{E24FF426-8587-4E06-A04B-169E5C1C1FF5}.Debug|x64.Build.0 = Debug|Any CPU
		{E24FF426-8587-4E06-A04B-169E5C1C1FF5}.Debug|x86.ActiveCfg = Debug|Any CPU
		{E24FF426-8587-4E06-A04B-169E5C1C1FF5}.Debug|x86.Build.0 = Debug|Any CPU
		{E24FF426-8587-4E06-A04B-169E5C1C1FF5}.Release|Any CPU.ActiveCfg = Release|Any CPU
		{E24FF426-8587-4E06-A04B-169E5C1C1FF5}.Release|Any CPU.Build.0 = Release|Any CPU
		{E24FF426-8587-4E06-A04B-169E5C1C1FF5}.Release|x64.ActiveCfg = Release|Any CPU
		{E24FF426-8587-4E06-A04B-169E5C1C1FF5}.Release|x64.Build.0 = Release|Any CPU
		{E24FF426-8587-4E06-A04B-169E5C1C1FF5}.Release|x86.ActiveCfg = Release|Any CPU
		{E24FF426-8587-4E06-A04B-169E5C1C1FF5}.Release|x86.Build.0 = Release|Any CPU
		{46A0FA94-BFB5-4FA3-BE0D-12781AEBCAFA}.Debug|Any CPU.ActiveCfg = Debug|Any CPU
		{46A0FA94-BFB5-4FA3-BE0D-12781AEBCAFA}.Debug|Any CPU.Build.0 = Debug|Any CPU
		{46A0FA94-BFB5-4FA3-BE0D-12781AEBCAFA}.Debug|x64.ActiveCfg = Debug|Any CPU
		{46A0FA94-BFB5-4FA3-BE0D-12781AEBCAFA}.Debug|x64.Build.0 = Debug|Any CPU
		{46A0FA94-BFB5-4FA3-BE0D-12781AEBCAFA}.Debug|x86.ActiveCfg = Debug|Any CPU
		{46A0FA94-BFB5-4FA3-BE0D-12781AEBCAFA}.Debug|x86.Build.0 = Debug|Any CPU
		{46A0FA94-BFB5-4FA3-BE0D-12781AEBCAFA}.Release|Any CPU.ActiveCfg = Release|Any CPU
		{46A0FA94-BFB5-4FA3-BE0D-12781AEBCAFA}.Release|Any CPU.Build.0 = Release|Any CPU
		{46A0FA94-BFB5-4FA3-BE0D-12781AEBCAFA}.Release|x64.ActiveCfg = Release|Any CPU
		{46A0FA94-BFB5-4FA3-BE0D-12781AEBCAFA}.Release|x64.Build.0 = Release|Any CPU
		{46A0FA94-BFB5-4FA3-BE0D-12781AEBCAFA}.Release|x86.ActiveCfg = Release|Any CPU
		{46A0FA94-BFB5-4FA3-BE0D-12781AEBCAFA}.Release|x86.Build.0 = Release|Any CPU
		{E290E93F-8B03-499C-A085-92FF87A71C66}.Debug|Any CPU.ActiveCfg = Debug|Any CPU
		{E290E93F-8B03-499C-A085-92FF87A71C66}.Debug|Any CPU.Build.0 = Debug|Any CPU
		{E290E93F-8B03-499C-A085-92FF87A71C66}.Debug|x64.ActiveCfg = Debug|Any CPU
		{E290E93F-8B03-499C-A085-92FF87A71C66}.Debug|x64.Build.0 = Debug|Any CPU
		{E290E93F-8B03-499C-A085-92FF87A71C66}.Debug|x86.ActiveCfg = Debug|Any CPU
		{E290E93F-8B03-499C-A085-92FF87A71C66}.Debug|x86.Build.0 = Debug|Any CPU
		{E290E93F-8B03-499C-A085-92FF87A71C66}.Release|Any CPU.ActiveCfg = Release|Any CPU
		{E290E93F-8B03-499C-A085-92FF87A71C66}.Release|Any CPU.Build.0 = Release|Any CPU
		{E290E93F-8B03-499C-A085-92FF87A71C66}.Release|x64.ActiveCfg = Release|Any CPU
		{E290E93F-8B03-499C-A085-92FF87A71C66}.Release|x64.Build.0 = Release|Any CPU
		{E290E93F-8B03-499C-A085-92FF87A71C66}.Release|x86.ActiveCfg = Release|Any CPU
		{E290E93F-8B03-499C-A085-92FF87A71C66}.Release|x86.Build.0 = Release|Any CPU
		{F31AD36B-4048-47D1-9225-2E883D4355B7}.Debug|Any CPU.ActiveCfg = Debug|Any CPU
		{F31AD36B-4048-47D1-9225-2E883D4355B7}.Debug|Any CPU.Build.0 = Debug|Any CPU
		{F31AD36B-4048-47D1-9225-2E883D4355B7}.Debug|x64.ActiveCfg = Debug|Any CPU
		{F31AD36B-4048-47D1-9225-2E883D4355B7}.Debug|x64.Build.0 = Debug|Any CPU
		{F31AD36B-4048-47D1-9225-2E883D4355B7}.Debug|x86.ActiveCfg = Debug|Any CPU
		{F31AD36B-4048-47D1-9225-2E883D4355B7}.Debug|x86.Build.0 = Debug|Any CPU
		{F31AD36B-4048-47D1-9225-2E883D4355B7}.Release|Any CPU.ActiveCfg = Release|Any CPU
		{F31AD36B-4048-47D1-9225-2E883D4355B7}.Release|Any CPU.Build.0 = Release|Any CPU
		{F31AD36B-4048-47D1-9225-2E883D4355B7}.Release|x64.ActiveCfg = Release|Any CPU
		{F31AD36B-4048-47D1-9225-2E883D4355B7}.Release|x64.Build.0 = Release|Any CPU
		{F31AD36B-4048-47D1-9225-2E883D4355B7}.Release|x86.ActiveCfg = Release|Any CPU
		{F31AD36B-4048-47D1-9225-2E883D4355B7}.Release|x86.Build.0 = Release|Any CPU
		{CBCB6990-9A89-42EF-87CF-3D1B757B58AB}.Debug|Any CPU.ActiveCfg = Debug|Any CPU
		{CBCB6990-9A89-42EF-87CF-3D1B757B58AB}.Debug|Any CPU.Build.0 = Debug|Any CPU
		{CBCB6990-9A89-42EF-87CF-3D1B757B58AB}.Debug|x64.ActiveCfg = Debug|Any CPU
		{CBCB6990-9A89-42EF-87CF-3D1B757B58AB}.Debug|x64.Build.0 = Debug|Any CPU
		{CBCB6990-9A89-42EF-87CF-3D1B757B58AB}.Debug|x86.ActiveCfg = Debug|Any CPU
		{CBCB6990-9A89-42EF-87CF-3D1B757B58AB}.Debug|x86.Build.0 = Debug|Any CPU
		{CBCB6990-9A89-42EF-87CF-3D1B757B58AB}.Release|Any CPU.ActiveCfg = Release|Any CPU
		{CBCB6990-9A89-42EF-87CF-3D1B757B58AB}.Release|Any CPU.Build.0 = Release|Any CPU
		{CBCB6990-9A89-42EF-87CF-3D1B757B58AB}.Release|x64.ActiveCfg = Release|Any CPU
		{CBCB6990-9A89-42EF-87CF-3D1B757B58AB}.Release|x64.Build.0 = Release|Any CPU
		{CBCB6990-9A89-42EF-87CF-3D1B757B58AB}.Release|x86.ActiveCfg = Release|Any CPU
		{CBCB6990-9A89-42EF-87CF-3D1B757B58AB}.Release|x86.Build.0 = Release|Any CPU
		{66492265-DF01-44ED-939E-AE9386CE5636}.Debug|Any CPU.ActiveCfg = Debug|Any CPU
		{66492265-DF01-44ED-939E-AE9386CE5636}.Debug|Any CPU.Build.0 = Debug|Any CPU
		{66492265-DF01-44ED-939E-AE9386CE5636}.Debug|x64.ActiveCfg = Debug|Any CPU
		{66492265-DF01-44ED-939E-AE9386CE5636}.Debug|x64.Build.0 = Debug|Any CPU
		{66492265-DF01-44ED-939E-AE9386CE5636}.Debug|x86.ActiveCfg = Debug|Any CPU
		{66492265-DF01-44ED-939E-AE9386CE5636}.Debug|x86.Build.0 = Debug|Any CPU
		{66492265-DF01-44ED-939E-AE9386CE5636}.Release|Any CPU.ActiveCfg = Release|Any CPU
		{66492265-DF01-44ED-939E-AE9386CE5636}.Release|Any CPU.Build.0 = Release|Any CPU
		{66492265-DF01-44ED-939E-AE9386CE5636}.Release|x64.ActiveCfg = Release|Any CPU
		{66492265-DF01-44ED-939E-AE9386CE5636}.Release|x64.Build.0 = Release|Any CPU
		{66492265-DF01-44ED-939E-AE9386CE5636}.Release|x86.ActiveCfg = Release|Any CPU
		{66492265-DF01-44ED-939E-AE9386CE5636}.Release|x86.Build.0 = Release|Any CPU
		{AADCD8F0-1B04-44B5-B5E9-12B0A15B30E3}.Debug|Any CPU.ActiveCfg = Debug|Any CPU
		{AADCD8F0-1B04-44B5-B5E9-12B0A15B30E3}.Debug|Any CPU.Build.0 = Debug|Any CPU
		{AADCD8F0-1B04-44B5-B5E9-12B0A15B30E3}.Debug|x64.ActiveCfg = Debug|Any CPU
		{AADCD8F0-1B04-44B5-B5E9-12B0A15B30E3}.Debug|x64.Build.0 = Debug|Any CPU
		{AADCD8F0-1B04-44B5-B5E9-12B0A15B30E3}.Debug|x86.ActiveCfg = Debug|Any CPU
		{AADCD8F0-1B04-44B5-B5E9-12B0A15B30E3}.Debug|x86.Build.0 = Debug|Any CPU
		{AADCD8F0-1B04-44B5-B5E9-12B0A15B30E3}.Release|Any CPU.ActiveCfg = Release|Any CPU
		{AADCD8F0-1B04-44B5-B5E9-12B0A15B30E3}.Release|Any CPU.Build.0 = Release|Any CPU
		{AADCD8F0-1B04-44B5-B5E9-12B0A15B30E3}.Release|x64.ActiveCfg = Release|Any CPU
		{AADCD8F0-1B04-44B5-B5E9-12B0A15B30E3}.Release|x64.Build.0 = Release|Any CPU
		{AADCD8F0-1B04-44B5-B5E9-12B0A15B30E3}.Release|x86.ActiveCfg = Release|Any CPU
		{AADCD8F0-1B04-44B5-B5E9-12B0A15B30E3}.Release|x86.Build.0 = Release|Any CPU
		{9F01DDAB-57E8-4078-BE36-BAE7F3DC1909}.Debug|Any CPU.ActiveCfg = Debug|Any CPU
		{9F01DDAB-57E8-4078-BE36-BAE7F3DC1909}.Debug|Any CPU.Build.0 = Debug|Any CPU
		{9F01DDAB-57E8-4078-BE36-BAE7F3DC1909}.Debug|x64.ActiveCfg = Debug|Any CPU
		{9F01DDAB-57E8-4078-BE36-BAE7F3DC1909}.Debug|x64.Build.0 = Debug|Any CPU
		{9F01DDAB-57E8-4078-BE36-BAE7F3DC1909}.Debug|x86.ActiveCfg = Debug|Any CPU
		{9F01DDAB-57E8-4078-BE36-BAE7F3DC1909}.Debug|x86.Build.0 = Debug|Any CPU
		{9F01DDAB-57E8-4078-BE36-BAE7F3DC1909}.Release|Any CPU.ActiveCfg = Release|Any CPU
		{9F01DDAB-57E8-4078-BE36-BAE7F3DC1909}.Release|Any CPU.Build.0 = Release|Any CPU
		{9F01DDAB-57E8-4078-BE36-BAE7F3DC1909}.Release|x64.ActiveCfg = Release|Any CPU
		{9F01DDAB-57E8-4078-BE36-BAE7F3DC1909}.Release|x64.Build.0 = Release|Any CPU
		{9F01DDAB-57E8-4078-BE36-BAE7F3DC1909}.Release|x86.ActiveCfg = Release|Any CPU
		{9F01DDAB-57E8-4078-BE36-BAE7F3DC1909}.Release|x86.Build.0 = Release|Any CPU
		{6E370651-3D93-4447-9365-76012DA15C59}.Debug|Any CPU.ActiveCfg = Debug|Any CPU
		{6E370651-3D93-4447-9365-76012DA15C59}.Debug|Any CPU.Build.0 = Debug|Any CPU
		{6E370651-3D93-4447-9365-76012DA15C59}.Debug|x64.ActiveCfg = Debug|Any CPU
		{6E370651-3D93-4447-9365-76012DA15C59}.Debug|x64.Build.0 = Debug|Any CPU
		{6E370651-3D93-4447-9365-76012DA15C59}.Debug|x86.ActiveCfg = Debug|Any CPU
		{6E370651-3D93-4447-9365-76012DA15C59}.Debug|x86.Build.0 = Debug|Any CPU
		{6E370651-3D93-4447-9365-76012DA15C59}.Release|Any CPU.ActiveCfg = Release|Any CPU
		{6E370651-3D93-4447-9365-76012DA15C59}.Release|Any CPU.Build.0 = Release|Any CPU
		{6E370651-3D93-4447-9365-76012DA15C59}.Release|x64.ActiveCfg = Release|Any CPU
		{6E370651-3D93-4447-9365-76012DA15C59}.Release|x64.Build.0 = Release|Any CPU
		{6E370651-3D93-4447-9365-76012DA15C59}.Release|x86.ActiveCfg = Release|Any CPU
		{6E370651-3D93-4447-9365-76012DA15C59}.Release|x86.Build.0 = Release|Any CPU
		{D95EC6FF-A1AB-4A2D-A7B8-E1C131E53021}.Debug|Any CPU.ActiveCfg = Debug|Any CPU
		{D95EC6FF-A1AB-4A2D-A7B8-E1C131E53021}.Debug|Any CPU.Build.0 = Debug|Any CPU
		{D95EC6FF-A1AB-4A2D-A7B8-E1C131E53021}.Debug|x64.ActiveCfg = Debug|Any CPU
		{D95EC6FF-A1AB-4A2D-A7B8-E1C131E53021}.Debug|x64.Build.0 = Debug|Any CPU
		{D95EC6FF-A1AB-4A2D-A7B8-E1C131E53021}.Debug|x86.ActiveCfg = Debug|Any CPU
		{D95EC6FF-A1AB-4A2D-A7B8-E1C131E53021}.Debug|x86.Build.0 = Debug|Any CPU
		{D95EC6FF-A1AB-4A2D-A7B8-E1C131E53021}.Release|Any CPU.ActiveCfg = Release|Any CPU
		{D95EC6FF-A1AB-4A2D-A7B8-E1C131E53021}.Release|Any CPU.Build.0 = Release|Any CPU
		{D95EC6FF-A1AB-4A2D-A7B8-E1C131E53021}.Release|x64.ActiveCfg = Release|Any CPU
		{D95EC6FF-A1AB-4A2D-A7B8-E1C131E53021}.Release|x64.Build.0 = Release|Any CPU
		{D95EC6FF-A1AB-4A2D-A7B8-E1C131E53021}.Release|x86.ActiveCfg = Release|Any CPU
		{D95EC6FF-A1AB-4A2D-A7B8-E1C131E53021}.Release|x86.Build.0 = Release|Any CPU
		{0999B0BF-44A6-4677-B973-153A071CA024}.Debug|Any CPU.ActiveCfg = Debug|Any CPU
		{0999B0BF-44A6-4677-B973-153A071CA024}.Debug|Any CPU.Build.0 = Debug|Any CPU
		{0999B0BF-44A6-4677-B973-153A071CA024}.Debug|x64.ActiveCfg = Debug|Any CPU
		{0999B0BF-44A6-4677-B973-153A071CA024}.Debug|x64.Build.0 = Debug|Any CPU
		{0999B0BF-44A6-4677-B973-153A071CA024}.Debug|x86.ActiveCfg = Debug|Any CPU
		{0999B0BF-44A6-4677-B973-153A071CA024}.Debug|x86.Build.0 = Debug|Any CPU
		{0999B0BF-44A6-4677-B973-153A071CA024}.Release|Any CPU.ActiveCfg = Release|Any CPU
		{0999B0BF-44A6-4677-B973-153A071CA024}.Release|Any CPU.Build.0 = Release|Any CPU
		{0999B0BF-44A6-4677-B973-153A071CA024}.Release|x64.ActiveCfg = Release|Any CPU
		{0999B0BF-44A6-4677-B973-153A071CA024}.Release|x64.Build.0 = Release|Any CPU
		{0999B0BF-44A6-4677-B973-153A071CA024}.Release|x86.ActiveCfg = Release|Any CPU
		{0999B0BF-44A6-4677-B973-153A071CA024}.Release|x86.Build.0 = Release|Any CPU
		{768E44C2-AB7D-44A1-B094-C0190B61443A}.Debug|Any CPU.ActiveCfg = Debug|Any CPU
		{768E44C2-AB7D-44A1-B094-C0190B61443A}.Debug|Any CPU.Build.0 = Debug|Any CPU
		{768E44C2-AB7D-44A1-B094-C0190B61443A}.Debug|x64.ActiveCfg = Debug|Any CPU
		{768E44C2-AB7D-44A1-B094-C0190B61443A}.Debug|x64.Build.0 = Debug|Any CPU
		{768E44C2-AB7D-44A1-B094-C0190B61443A}.Debug|x86.ActiveCfg = Debug|Any CPU
		{768E44C2-AB7D-44A1-B094-C0190B61443A}.Debug|x86.Build.0 = Debug|Any CPU
		{768E44C2-AB7D-44A1-B094-C0190B61443A}.Release|Any CPU.ActiveCfg = Release|Any CPU
		{768E44C2-AB7D-44A1-B094-C0190B61443A}.Release|Any CPU.Build.0 = Release|Any CPU
		{768E44C2-AB7D-44A1-B094-C0190B61443A}.Release|x64.ActiveCfg = Release|Any CPU
		{768E44C2-AB7D-44A1-B094-C0190B61443A}.Release|x64.Build.0 = Release|Any CPU
		{768E44C2-AB7D-44A1-B094-C0190B61443A}.Release|x86.ActiveCfg = Release|Any CPU
		{768E44C2-AB7D-44A1-B094-C0190B61443A}.Release|x86.Build.0 = Release|Any CPU
		{BB584FD3-E425-45B1-BD97-E6359AA0F049}.Debug|Any CPU.ActiveCfg = Debug|Any CPU
		{BB584FD3-E425-45B1-BD97-E6359AA0F049}.Debug|Any CPU.Build.0 = Debug|Any CPU
		{BB584FD3-E425-45B1-BD97-E6359AA0F049}.Debug|x64.ActiveCfg = Debug|Any CPU
		{BB584FD3-E425-45B1-BD97-E6359AA0F049}.Debug|x64.Build.0 = Debug|Any CPU
		{BB584FD3-E425-45B1-BD97-E6359AA0F049}.Debug|x86.ActiveCfg = Debug|Any CPU
		{BB584FD3-E425-45B1-BD97-E6359AA0F049}.Debug|x86.Build.0 = Debug|Any CPU
		{BB584FD3-E425-45B1-BD97-E6359AA0F049}.Release|Any CPU.ActiveCfg = Release|Any CPU
		{BB584FD3-E425-45B1-BD97-E6359AA0F049}.Release|Any CPU.Build.0 = Release|Any CPU
		{BB584FD3-E425-45B1-BD97-E6359AA0F049}.Release|x64.ActiveCfg = Release|Any CPU
		{BB584FD3-E425-45B1-BD97-E6359AA0F049}.Release|x64.Build.0 = Release|Any CPU
		{BB584FD3-E425-45B1-BD97-E6359AA0F049}.Release|x86.ActiveCfg = Release|Any CPU
		{BB584FD3-E425-45B1-BD97-E6359AA0F049}.Release|x86.Build.0 = Release|Any CPU
		{56234401-306A-40A6-A155-995AE146F309}.Debug|Any CPU.ActiveCfg = Debug|Any CPU
		{56234401-306A-40A6-A155-995AE146F309}.Debug|Any CPU.Build.0 = Debug|Any CPU
		{56234401-306A-40A6-A155-995AE146F309}.Debug|x64.ActiveCfg = Debug|Any CPU
		{56234401-306A-40A6-A155-995AE146F309}.Debug|x64.Build.0 = Debug|Any CPU
		{56234401-306A-40A6-A155-995AE146F309}.Debug|x86.ActiveCfg = Debug|Any CPU
		{56234401-306A-40A6-A155-995AE146F309}.Debug|x86.Build.0 = Debug|Any CPU
		{56234401-306A-40A6-A155-995AE146F309}.Release|Any CPU.ActiveCfg = Release|Any CPU
		{56234401-306A-40A6-A155-995AE146F309}.Release|Any CPU.Build.0 = Release|Any CPU
		{56234401-306A-40A6-A155-995AE146F309}.Release|x64.ActiveCfg = Release|Any CPU
		{56234401-306A-40A6-A155-995AE146F309}.Release|x64.Build.0 = Release|Any CPU
		{56234401-306A-40A6-A155-995AE146F309}.Release|x86.ActiveCfg = Release|Any CPU
		{56234401-306A-40A6-A155-995AE146F309}.Release|x86.Build.0 = Release|Any CPU
		{1E83786B-5E35-4FDA-9104-EF3AF2E8FF84}.Debug|Any CPU.ActiveCfg = Debug|Any CPU
		{1E83786B-5E35-4FDA-9104-EF3AF2E8FF84}.Debug|Any CPU.Build.0 = Debug|Any CPU
		{1E83786B-5E35-4FDA-9104-EF3AF2E8FF84}.Debug|x64.ActiveCfg = Debug|Any CPU
		{1E83786B-5E35-4FDA-9104-EF3AF2E8FF84}.Debug|x64.Build.0 = Debug|Any CPU
		{1E83786B-5E35-4FDA-9104-EF3AF2E8FF84}.Debug|x86.ActiveCfg = Debug|Any CPU
		{1E83786B-5E35-4FDA-9104-EF3AF2E8FF84}.Debug|x86.Build.0 = Debug|Any CPU
		{1E83786B-5E35-4FDA-9104-EF3AF2E8FF84}.Release|Any CPU.ActiveCfg = Release|Any CPU
		{1E83786B-5E35-4FDA-9104-EF3AF2E8FF84}.Release|Any CPU.Build.0 = Release|Any CPU
		{1E83786B-5E35-4FDA-9104-EF3AF2E8FF84}.Release|x64.ActiveCfg = Release|Any CPU
		{1E83786B-5E35-4FDA-9104-EF3AF2E8FF84}.Release|x64.Build.0 = Release|Any CPU
		{1E83786B-5E35-4FDA-9104-EF3AF2E8FF84}.Release|x86.ActiveCfg = Release|Any CPU
		{1E83786B-5E35-4FDA-9104-EF3AF2E8FF84}.Release|x86.Build.0 = Release|Any CPU
		{C901B859-60CB-45E0-B97C-8A338127EF02}.Debug|Any CPU.ActiveCfg = Debug|Any CPU
		{C901B859-60CB-45E0-B97C-8A338127EF02}.Debug|Any CPU.Build.0 = Debug|Any CPU
		{C901B859-60CB-45E0-B97C-8A338127EF02}.Debug|x64.ActiveCfg = Debug|Any CPU
		{C901B859-60CB-45E0-B97C-8A338127EF02}.Debug|x64.Build.0 = Debug|Any CPU
		{C901B859-60CB-45E0-B97C-8A338127EF02}.Debug|x86.ActiveCfg = Debug|Any CPU
		{C901B859-60CB-45E0-B97C-8A338127EF02}.Debug|x86.Build.0 = Debug|Any CPU
		{C901B859-60CB-45E0-B97C-8A338127EF02}.Release|Any CPU.ActiveCfg = Release|Any CPU
		{C901B859-60CB-45E0-B97C-8A338127EF02}.Release|Any CPU.Build.0 = Release|Any CPU
		{C901B859-60CB-45E0-B97C-8A338127EF02}.Release|x64.ActiveCfg = Release|Any CPU
		{C901B859-60CB-45E0-B97C-8A338127EF02}.Release|x64.Build.0 = Release|Any CPU
		{C901B859-60CB-45E0-B97C-8A338127EF02}.Release|x86.ActiveCfg = Release|Any CPU
		{C901B859-60CB-45E0-B97C-8A338127EF02}.Release|x86.Build.0 = Release|Any CPU
		{63D0948C-4FF9-4F25-8236-07330143A68F}.Debug|Any CPU.ActiveCfg = Debug|Any CPU
		{63D0948C-4FF9-4F25-8236-07330143A68F}.Debug|Any CPU.Build.0 = Debug|Any CPU
		{63D0948C-4FF9-4F25-8236-07330143A68F}.Debug|x64.ActiveCfg = Debug|Any CPU
		{63D0948C-4FF9-4F25-8236-07330143A68F}.Debug|x64.Build.0 = Debug|Any CPU
		{63D0948C-4FF9-4F25-8236-07330143A68F}.Debug|x86.ActiveCfg = Debug|Any CPU
		{63D0948C-4FF9-4F25-8236-07330143A68F}.Debug|x86.Build.0 = Debug|Any CPU
		{63D0948C-4FF9-4F25-8236-07330143A68F}.Release|Any CPU.ActiveCfg = Release|Any CPU
		{63D0948C-4FF9-4F25-8236-07330143A68F}.Release|Any CPU.Build.0 = Release|Any CPU
		{63D0948C-4FF9-4F25-8236-07330143A68F}.Release|x64.ActiveCfg = Release|Any CPU
		{63D0948C-4FF9-4F25-8236-07330143A68F}.Release|x64.Build.0 = Release|Any CPU
		{63D0948C-4FF9-4F25-8236-07330143A68F}.Release|x86.ActiveCfg = Release|Any CPU
		{63D0948C-4FF9-4F25-8236-07330143A68F}.Release|x86.Build.0 = Release|Any CPU
		{D2F41B09-32E5-4114-81C4-52F8A0905DC6}.Debug|Any CPU.ActiveCfg = Debug|Any CPU
		{D2F41B09-32E5-4114-81C4-52F8A0905DC6}.Debug|Any CPU.Build.0 = Debug|Any CPU
		{D2F41B09-32E5-4114-81C4-52F8A0905DC6}.Debug|x64.ActiveCfg = Debug|Any CPU
		{D2F41B09-32E5-4114-81C4-52F8A0905DC6}.Debug|x64.Build.0 = Debug|Any CPU
		{D2F41B09-32E5-4114-81C4-52F8A0905DC6}.Debug|x86.ActiveCfg = Debug|Any CPU
		{D2F41B09-32E5-4114-81C4-52F8A0905DC6}.Debug|x86.Build.0 = Debug|Any CPU
		{D2F41B09-32E5-4114-81C4-52F8A0905DC6}.Release|Any CPU.ActiveCfg = Release|Any CPU
		{D2F41B09-32E5-4114-81C4-52F8A0905DC6}.Release|Any CPU.Build.0 = Release|Any CPU
		{D2F41B09-32E5-4114-81C4-52F8A0905DC6}.Release|x64.ActiveCfg = Release|Any CPU
		{D2F41B09-32E5-4114-81C4-52F8A0905DC6}.Release|x64.Build.0 = Release|Any CPU
		{D2F41B09-32E5-4114-81C4-52F8A0905DC6}.Release|x86.ActiveCfg = Release|Any CPU
		{D2F41B09-32E5-4114-81C4-52F8A0905DC6}.Release|x86.Build.0 = Release|Any CPU
		{723B4990-99F6-46FC-8484-9367D714E11E}.Debug|Any CPU.ActiveCfg = Debug|Any CPU
		{723B4990-99F6-46FC-8484-9367D714E11E}.Debug|Any CPU.Build.0 = Debug|Any CPU
		{723B4990-99F6-46FC-8484-9367D714E11E}.Debug|x64.ActiveCfg = Debug|Any CPU
		{723B4990-99F6-46FC-8484-9367D714E11E}.Debug|x64.Build.0 = Debug|Any CPU
		{723B4990-99F6-46FC-8484-9367D714E11E}.Debug|x86.ActiveCfg = Debug|Any CPU
		{723B4990-99F6-46FC-8484-9367D714E11E}.Debug|x86.Build.0 = Debug|Any CPU
		{723B4990-99F6-46FC-8484-9367D714E11E}.Release|Any CPU.ActiveCfg = Release|Any CPU
		{723B4990-99F6-46FC-8484-9367D714E11E}.Release|Any CPU.Build.0 = Release|Any CPU
		{723B4990-99F6-46FC-8484-9367D714E11E}.Release|x64.ActiveCfg = Release|Any CPU
		{723B4990-99F6-46FC-8484-9367D714E11E}.Release|x64.Build.0 = Release|Any CPU
		{723B4990-99F6-46FC-8484-9367D714E11E}.Release|x86.ActiveCfg = Release|Any CPU
		{723B4990-99F6-46FC-8484-9367D714E11E}.Release|x86.Build.0 = Release|Any CPU
		{41DD42C6-F162-41A5-A345-C362DB27D00D}.Debug|Any CPU.ActiveCfg = Debug|Any CPU
		{41DD42C6-F162-41A5-A345-C362DB27D00D}.Debug|Any CPU.Build.0 = Debug|Any CPU
		{41DD42C6-F162-41A5-A345-C362DB27D00D}.Debug|x64.ActiveCfg = Debug|Any CPU
		{41DD42C6-F162-41A5-A345-C362DB27D00D}.Debug|x64.Build.0 = Debug|Any CPU
		{41DD42C6-F162-41A5-A345-C362DB27D00D}.Debug|x86.ActiveCfg = Debug|Any CPU
		{41DD42C6-F162-41A5-A345-C362DB27D00D}.Debug|x86.Build.0 = Debug|Any CPU
		{41DD42C6-F162-41A5-A345-C362DB27D00D}.Release|Any CPU.ActiveCfg = Release|Any CPU
		{41DD42C6-F162-41A5-A345-C362DB27D00D}.Release|Any CPU.Build.0 = Release|Any CPU
		{41DD42C6-F162-41A5-A345-C362DB27D00D}.Release|x64.ActiveCfg = Release|Any CPU
		{41DD42C6-F162-41A5-A345-C362DB27D00D}.Release|x64.Build.0 = Release|Any CPU
		{41DD42C6-F162-41A5-A345-C362DB27D00D}.Release|x86.ActiveCfg = Release|Any CPU
		{41DD42C6-F162-41A5-A345-C362DB27D00D}.Release|x86.Build.0 = Release|Any CPU
		{89D5B13A-0CC2-4B0E-80C6-C32EFFAFCCA6}.Debug|Any CPU.ActiveCfg = Debug|Any CPU
		{89D5B13A-0CC2-4B0E-80C6-C32EFFAFCCA6}.Debug|Any CPU.Build.0 = Debug|Any CPU
		{89D5B13A-0CC2-4B0E-80C6-C32EFFAFCCA6}.Debug|x64.ActiveCfg = Debug|Any CPU
		{89D5B13A-0CC2-4B0E-80C6-C32EFFAFCCA6}.Debug|x64.Build.0 = Debug|Any CPU
		{89D5B13A-0CC2-4B0E-80C6-C32EFFAFCCA6}.Debug|x86.ActiveCfg = Debug|Any CPU
		{89D5B13A-0CC2-4B0E-80C6-C32EFFAFCCA6}.Debug|x86.Build.0 = Debug|Any CPU
		{89D5B13A-0CC2-4B0E-80C6-C32EFFAFCCA6}.Release|Any CPU.ActiveCfg = Release|Any CPU
		{89D5B13A-0CC2-4B0E-80C6-C32EFFAFCCA6}.Release|Any CPU.Build.0 = Release|Any CPU
		{89D5B13A-0CC2-4B0E-80C6-C32EFFAFCCA6}.Release|x64.ActiveCfg = Release|Any CPU
		{89D5B13A-0CC2-4B0E-80C6-C32EFFAFCCA6}.Release|x64.Build.0 = Release|Any CPU
		{89D5B13A-0CC2-4B0E-80C6-C32EFFAFCCA6}.Release|x86.ActiveCfg = Release|Any CPU
		{89D5B13A-0CC2-4B0E-80C6-C32EFFAFCCA6}.Release|x86.Build.0 = Release|Any CPU
		{CB0458E6-624F-45EC-8C72-57C00054D152}.Debug|Any CPU.ActiveCfg = Debug|Any CPU
		{CB0458E6-624F-45EC-8C72-57C00054D152}.Debug|Any CPU.Build.0 = Debug|Any CPU
		{CB0458E6-624F-45EC-8C72-57C00054D152}.Debug|x64.ActiveCfg = Debug|Any CPU
		{CB0458E6-624F-45EC-8C72-57C00054D152}.Debug|x64.Build.0 = Debug|Any CPU
		{CB0458E6-624F-45EC-8C72-57C00054D152}.Debug|x86.ActiveCfg = Debug|Any CPU
		{CB0458E6-624F-45EC-8C72-57C00054D152}.Debug|x86.Build.0 = Debug|Any CPU
		{CB0458E6-624F-45EC-8C72-57C00054D152}.Release|Any CPU.ActiveCfg = Release|Any CPU
		{CB0458E6-624F-45EC-8C72-57C00054D152}.Release|Any CPU.Build.0 = Release|Any CPU
		{CB0458E6-624F-45EC-8C72-57C00054D152}.Release|x64.ActiveCfg = Release|Any CPU
		{CB0458E6-624F-45EC-8C72-57C00054D152}.Release|x64.Build.0 = Release|Any CPU
		{CB0458E6-624F-45EC-8C72-57C00054D152}.Release|x86.ActiveCfg = Release|Any CPU
		{CB0458E6-624F-45EC-8C72-57C00054D152}.Release|x86.Build.0 = Release|Any CPU
		{7DDD98C7-9B83-48B2-9BFD-BB93114904AF}.Debug|Any CPU.ActiveCfg = Debug|Any CPU
		{7DDD98C7-9B83-48B2-9BFD-BB93114904AF}.Debug|Any CPU.Build.0 = Debug|Any CPU
		{7DDD98C7-9B83-48B2-9BFD-BB93114904AF}.Debug|x64.ActiveCfg = Debug|Any CPU
		{7DDD98C7-9B83-48B2-9BFD-BB93114904AF}.Debug|x64.Build.0 = Debug|Any CPU
		{7DDD98C7-9B83-48B2-9BFD-BB93114904AF}.Debug|x86.ActiveCfg = Debug|Any CPU
		{7DDD98C7-9B83-48B2-9BFD-BB93114904AF}.Debug|x86.Build.0 = Debug|Any CPU
		{7DDD98C7-9B83-48B2-9BFD-BB93114904AF}.Release|Any CPU.ActiveCfg = Release|Any CPU
		{7DDD98C7-9B83-48B2-9BFD-BB93114904AF}.Release|Any CPU.Build.0 = Release|Any CPU
		{7DDD98C7-9B83-48B2-9BFD-BB93114904AF}.Release|x64.ActiveCfg = Release|Any CPU
		{7DDD98C7-9B83-48B2-9BFD-BB93114904AF}.Release|x64.Build.0 = Release|Any CPU
		{7DDD98C7-9B83-48B2-9BFD-BB93114904AF}.Release|x86.ActiveCfg = Release|Any CPU
		{7DDD98C7-9B83-48B2-9BFD-BB93114904AF}.Release|x86.Build.0 = Release|Any CPU
		{A96D8988-3493-4F75-A164-BAC67FF1EEEF}.Debug|Any CPU.ActiveCfg = Debug|Any CPU
		{A96D8988-3493-4F75-A164-BAC67FF1EEEF}.Debug|Any CPU.Build.0 = Debug|Any CPU
		{A96D8988-3493-4F75-A164-BAC67FF1EEEF}.Debug|x64.ActiveCfg = Debug|Any CPU
		{A96D8988-3493-4F75-A164-BAC67FF1EEEF}.Debug|x64.Build.0 = Debug|Any CPU
		{A96D8988-3493-4F75-A164-BAC67FF1EEEF}.Debug|x86.ActiveCfg = Debug|Any CPU
		{A96D8988-3493-4F75-A164-BAC67FF1EEEF}.Debug|x86.Build.0 = Debug|Any CPU
		{A96D8988-3493-4F75-A164-BAC67FF1EEEF}.Release|Any CPU.ActiveCfg = Release|Any CPU
		{A96D8988-3493-4F75-A164-BAC67FF1EEEF}.Release|Any CPU.Build.0 = Release|Any CPU
		{A96D8988-3493-4F75-A164-BAC67FF1EEEF}.Release|x64.ActiveCfg = Release|Any CPU
		{A96D8988-3493-4F75-A164-BAC67FF1EEEF}.Release|x64.Build.0 = Release|Any CPU
		{A96D8988-3493-4F75-A164-BAC67FF1EEEF}.Release|x86.ActiveCfg = Release|Any CPU
		{A96D8988-3493-4F75-A164-BAC67FF1EEEF}.Release|x86.Build.0 = Release|Any CPU
	EndGlobalSection
	GlobalSection(SolutionProperties) = preSolution
		HideSolutionNode = FALSE
	EndGlobalSection
	GlobalSection(NestedProjects) = preSolution
		{199A76EA-6CAD-492A-94E5-9174FCF8D33F} = {827E0CD3-B72D-47B6-A68D-7590B98EB39B}
		{6B4A82A5-A079-4FBC-8DA1-2F0B6926EDBD} = {827E0CD3-B72D-47B6-A68D-7590B98EB39B}
		{ADD79C4C-924C-4E54-91E1-EB78EF8313CA} = {827E0CD3-B72D-47B6-A68D-7590B98EB39B}
		{4BCB3515-361F-4F44-8BF3-36F328B35B7B} = {827E0CD3-B72D-47B6-A68D-7590B98EB39B}
		{E49C549C-9134-4DC8-B74F-CA5D866F9231} = {827E0CD3-B72D-47B6-A68D-7590B98EB39B}
		{8F2F4643-20EF-4E21-B4BD-59DC981BA41F} = {827E0CD3-B72D-47B6-A68D-7590B98EB39B}
		{7209D90D-047F-4F21-A32C-0418AA95E5B3} = {827E0CD3-B72D-47B6-A68D-7590B98EB39B}
		{88770B85-AA95-4142-943E-19AFE450B9EB} = {827E0CD3-B72D-47B6-A68D-7590B98EB39B}
		{8E0B0F45-EC5E-4DB9-AEEF-A2BD2FCC23E0} = {827E0CD3-B72D-47B6-A68D-7590B98EB39B}
		{75308D08-DC4A-49C8-9198-9066257F094C} = {827E0CD3-B72D-47B6-A68D-7590B98EB39B}
		{22E443CB-23C2-444E-8AF9-5BDF670A47C3} = {827E0CD3-B72D-47B6-A68D-7590B98EB39B}
		{271D9BC0-9B05-4021-BCD1-D6490A5AB9F6} = {827E0CD3-B72D-47B6-A68D-7590B98EB39B}
		{4CE406EC-127D-49B2-9637-981A686107D0} = {827E0CD3-B72D-47B6-A68D-7590B98EB39B}
		{4EE06C1B-CB28-4125-9052-240D79E8183A} = {827E0CD3-B72D-47B6-A68D-7590B98EB39B}
		{220B958D-0F5D-40EC-89F6-91FD86F1FF07} = {827E0CD3-B72D-47B6-A68D-7590B98EB39B}
		{9D9AA5DE-9F63-4262-9D5B-14F7BD590577} = {827E0CD3-B72D-47B6-A68D-7590B98EB39B}
		{E24FF426-8587-4E06-A04B-169E5C1C1FF5} = {827E0CD3-B72D-47B6-A68D-7590B98EB39B}
		{46A0FA94-BFB5-4FA3-BE0D-12781AEBCAFA} = {827E0CD3-B72D-47B6-A68D-7590B98EB39B}
		{E290E93F-8B03-499C-A085-92FF87A71C66} = {827E0CD3-B72D-47B6-A68D-7590B98EB39B}
		{F31AD36B-4048-47D1-9225-2E883D4355B7} = {827E0CD3-B72D-47B6-A68D-7590B98EB39B}
		{CBCB6990-9A89-42EF-87CF-3D1B757B58AB} = {827E0CD3-B72D-47B6-A68D-7590B98EB39B}
		{66492265-DF01-44ED-939E-AE9386CE5636} = {827E0CD3-B72D-47B6-A68D-7590B98EB39B}
		{AADCD8F0-1B04-44B5-B5E9-12B0A15B30E3} = {827E0CD3-B72D-47B6-A68D-7590B98EB39B}
		{9F01DDAB-57E8-4078-BE36-BAE7F3DC1909} = {827E0CD3-B72D-47B6-A68D-7590B98EB39B}
		{6E370651-3D93-4447-9365-76012DA15C59} = {0AB3BF05-4346-4AA6-1389-037BE0695223}
		{D95EC6FF-A1AB-4A2D-A7B8-E1C131E53021} = {0AB3BF05-4346-4AA6-1389-037BE0695223}
		{0999B0BF-44A6-4677-B973-153A071CA024} = {0AB3BF05-4346-4AA6-1389-037BE0695223}
		{768E44C2-AB7D-44A1-B094-C0190B61443A} = {5D20AA90-6969-D8BD-9DCD-8634F4692FDA}
		{BB584FD3-E425-45B1-BD97-E6359AA0F049} = {0AB3BF05-4346-4AA6-1389-037BE0695223}
		{56234401-306A-40A6-A155-995AE146F309} = {0AB3BF05-4346-4AA6-1389-037BE0695223}
		{1E83786B-5E35-4FDA-9104-EF3AF2E8FF84} = {0AB3BF05-4346-4AA6-1389-037BE0695223}
		{C901B859-60CB-45E0-B97C-8A338127EF02} = {0AB3BF05-4346-4AA6-1389-037BE0695223}
		{63D0948C-4FF9-4F25-8236-07330143A68F} = {0AB3BF05-4346-4AA6-1389-037BE0695223}
		{D2F41B09-32E5-4114-81C4-52F8A0905DC6} = {0AB3BF05-4346-4AA6-1389-037BE0695223}
		{723B4990-99F6-46FC-8484-9367D714E11E} = {0AB3BF05-4346-4AA6-1389-037BE0695223}
		{41DD42C6-F162-41A5-A345-C362DB27D00D} = {0AB3BF05-4346-4AA6-1389-037BE0695223}
		{89D5B13A-0CC2-4B0E-80C6-C32EFFAFCCA6} = {0AB3BF05-4346-4AA6-1389-037BE0695223}
		{CB0458E6-624F-45EC-8C72-57C00054D152} = {0AB3BF05-4346-4AA6-1389-037BE0695223}
		{7DDD98C7-9B83-48B2-9BFD-BB93114904AF} = {0AB3BF05-4346-4AA6-1389-037BE0695223}
		{A96D8988-3493-4F75-A164-BAC67FF1EEEF} = {0AB3BF05-4346-4AA6-1389-037BE0695223}
	EndGlobalSection
EndGlobal
