
Microsoft Visual Studio Solution File, Format Version 11.00
# Visual Studio 2010
Project("{FAE04EC0-301F-11D3-BF4B-00C04F79EFBC}") = "Lakona.Rpc.Testing", "Lakona.Rpc.Testing.csproj", "{a0ab9c92-b881-b80f-015a-9019a8f46b6b}"
EndProject
Project("{FAE04EC0-301F-11D3-BF4B-00C04F79EFBC}") = "Game.Rpc.Contracts", "Game.Rpc.Contracts.csproj", "{ce1facd0-1d44-0f9f-0591-012e9f8c8423}"
EndProject
Project("{FAE04EC0-301F-11D3-BF4B-00C04F79EFBC}") = "Game.Rpc.Tests.Editor", "Game.Rpc.Tests.Editor.csproj", "{f9f6bcf3-ca78-468e-9c14-3f0edc6e76d4}"
EndProject
Project("{FAE04EC0-301F-11D3-BF4B-00C04F79EFBC}") = "Assembly-CSharp", "Assembly-CSharp.csproj", "{a1fc14a4-b9cc-b024-b84a-b15454c95e22}"
EndProject
Global
	GlobalSection(SolutionConfigurationPlatforms) = preSolution
		Debug|Any CPU = Debug|Any CPU
	EndGlobalSection
	GlobalSection(ProjectConfigurationPlatforms) = postSolution
		{a0ab9c92-b881-b80f-015a-9019a8f46b6b}.Debug|Any CPU.ActiveCfg = Debug|Any CPU
		{a0ab9c92-b881-b80f-015a-9019a8f46b6b}.Debug|Any CPU.Build.0 = Debug|Any CPU
		{ce1facd0-1d44-0f9f-0591-012e9f8c8423}.Debug|Any CPU.ActiveCfg = Debug|Any CPU
		{ce1facd0-1d44-0f9f-0591-012e9f8c8423}.Debug|Any CPU.Build.0 = Debug|Any CPU
		{f9f6bcf3-ca78-468e-9c14-3f0edc6e76d4}.Debug|Any CPU.ActiveCfg = Debug|Any CPU
		{f9f6bcf3-ca78-468e-9c14-3f0edc6e76d4}.Debug|Any CPU.Build.0 = Debug|Any CPU
		{a1fc14a4-b9cc-b024-b84a-b15454c95e22}.Debug|Any CPU.ActiveCfg = Debug|Any CPU
		{a1fc14a4-b9cc-b024-b84a-b15454c95e22}.Debug|Any CPU.Build.0 = Debug|Any CPU
	EndGlobalSection
	GlobalSection(SolutionProperties) = preSolution
		HideSolutionNode = FALSE
	EndGlobalSection
EndGlobal
